
Microsoft Visual Studio Solution File, Format Version 12.00
# Visual Studio Version 17
VisualStudioVersion = 17.14.36518.9
MinimumVisualStudioVersion = 10.0.40219.1
Project("{FAE04EC0-301F-11D3-BF4B-00C04F79EFBC}") = "Notifications", "Notifications\Notifications.csproj", "{62825E0A-3013-487F-B684-89D82218B51C}"
EndProject
Global
	GlobalSection(SolutionConfigurationPlatforms) = preSolution
		Debug|Any CPU = Debug|Any CPU
		Release|Any CPU = Release|Any CPU
	EndGlobalSection
	GlobalSection(ProjectConfigurationPlatforms) = postSolution
		{62825E0A-3013-487F-B684-89D82218B51C}.Debug|Any CPU.ActiveCfg = Debug|Any CPU
		{62825E0A-3013-487F-B684-89D82218B51C}.Debug|Any CPU.Build.0 = Debug|Any CPU
		{62825E0A-3013-487F-B684-89D82218B51C}.Release|Any CPU.ActiveCfg = Release|Any CPU
		{62825E0A-3013-487F-B684-89D82218B51C}.Release|Any CPU.Build.0 = Release|Any CPU
	EndGlobalSection
	GlobalSection(SolutionProperties) = preSolution
		HideSolutionNode = FALSE
	EndGlobalSection
	GlobalSection(ExtensibilityGlobals) = postSolution
		SolutionGuid = {86D61797-ED9F-4C8A-88FF-E8830EAF30D4}
	EndGlobalSection
EndGlobal
